// !$*UTF8*$!
{
	archiveVersion = 1;
	classes = {
	};
	objectVersion = 55;
	objects = {

/* Begin PBXBuildFile section */
		6F842E142864829C006D04A4 /* PlayItemGenerator.swift in Sources */ = {isa = PBXBuildFile; fileRef = 6F842E132864829C006D04A4 /* PlayItemGenerator.swift */; };
		6F842E1628654524006D04A4 /* AlphabetSource.swift in Sources */ = {isa = PBXBuildFile; fileRef = 6F842E1528654524006D04A4 /* AlphabetSource.swift */; };
		6F842E1828655049006D04A4 /* FruitSource.swift in Sources */ = {isa = PBXBuildFile; fileRef = 6F842E1728655049006D04A4 /* FruitSource.swift */; };
		6F95D8BB286B1491007C911C /* ModifierSource.swift in Sources */ = {isa = PBXBuildFile; fileRef = 6F95D8BA286B1490007C911C /* ModifierSource.swift */; };
		6F95D8BD286B1BFC007C911C /* UnknownSource.swift in Sources */ = {isa = PBXBuildFile; fileRef = 6F95D8BC286B1BFC007C911C /* UnknownSource.swift */; };
		6F95D8BF286B1DAF007C911C /* SpecialSource.swift in Sources */ = {isa = PBXBuildFile; fileRef = 6F95D8BE286B1DAF007C911C /* SpecialSource.swift */; };
		6F978024284760BF00A91EB5 /* 7.mp3 in Resources */ = {isa = PBXBuildFile; fileRef = 6F977FEB284760BF00A91EB5 /* 7.mp3 */; };
		6F978025284760BF00A91EB5 /* 6.mp3 in Resources */ = {isa = PBXBuildFile; fileRef = 6F977FEC284760BF00A91EB5 /* 6.mp3 */; };
		6F978026284760BF00A91EB5 /* `.mp3 in Resources */ = {isa = PBXBuildFile; fileRef = 6F977FED284760BF00A91EB5 /* `.mp3 */; };
		6F978027284760BF00A91EB5 /* 4.mp3 in Resources */ = {isa = PBXBuildFile; fileRef = 6F977FEE284760BF00A91EB5 /* 4.mp3 */; };
		6F978028284760BF00A91EB5 /* 5.mp3 in Resources */ = {isa = PBXBuildFile; fileRef = 6F977FEF284760BF00A91EB5 /* 5.mp3 */; };
		6F978029284760BF00A91EB5 /* caps.mp3 in Resources */ = {isa = PBXBuildFile; fileRef = 6F977FF0284760BF00A91EB5 /* caps.mp3 */; };
		6F97802A284760BF00A91EB5 /* right.mp3 in Resources */ = {isa = PBXBuildFile; fileRef = 6F977FF1284760BF00A91EB5 /* right.mp3 */; };
		6F97802B284760BF00A91EB5 /* 1.mp3 in Resources */ = {isa = PBXBuildFile; fileRef = 6F977FF2284760BF00A91EB5 /* 1.mp3 */; };
		6F97802C284760BF00A91EB5 /* '.mp3 in Resources */ = {isa = PBXBuildFile; fileRef = 6F977FF3284760BF00A91EB5 /* '.mp3 */; };
		6F97802D284760BF00A91EB5 /* 0.mp3 in Resources */ = {isa = PBXBuildFile; fileRef = 6F977FF4284760BF00A91EB5 /* 0.mp3 */; };
		6F97802E284760BF00A91EB5 /* period.mp3 in Resources */ = {isa = PBXBuildFile; fileRef = 6F977FF5284760BF00A91EB5 /* period.mp3 */; };
		6F97802F284760BF00A91EB5 /* 2.mp3 in Resources */ = {isa = PBXBuildFile; fileRef = 6F977FF6284760BF00A91EB5 /* 2.mp3 */; };
		6F978030284760BF00A91EB5 /* 3.mp3 in Resources */ = {isa = PBXBuildFile; fileRef = 6F977FF7284760BF00A91EB5 /* 3.mp3 */; };
		6F978031284760BF00A91EB5 /* i.wav in Resources */ = {isa = PBXBuildFile; fileRef = 6F977FF8284760BF00A91EB5 /* i.wav */; };
		6F978032284760BF00A91EB5 /* backspace.mp3 in Resources */ = {isa = PBXBuildFile; fileRef = 6F977FF9284760BF00A91EB5 /* backspace.mp3 */; };
		6F978033284760BF00A91EB5 /* h.wav in Resources */ = {isa = PBXBuildFile; fileRef = 6F977FFA284760BF00A91EB5 /* h.wav */; };
		6F978034284760BF00A91EB5 /* enter.mp3 in Resources */ = {isa = PBXBuildFile; fileRef = 6F977FFB284760BF00A91EB5 /* enter.mp3 */; };
		6F978035284760BF00A91EB5 /* j.wav in Resources */ = {isa = PBXBuildFile; fileRef = 6F977FFC284760BF00A91EB5 /* j.wav */; };
		6F978036284760BF00A91EB5 /* k.wav in Resources */ = {isa = PBXBuildFile; fileRef = 6F977FFD284760BF00A91EB5 /* k.wav */; };
		6F978037284760BF00A91EB5 /* left.mp3 in Resources */ = {isa = PBXBuildFile; fileRef = 6F977FFE284760BF00A91EB5 /* left.mp3 */; };
		6F978038284760BF00A91EB5 /* x.wav in Resources */ = {isa = PBXBuildFile; fileRef = 6F977FFF284760BF00A91EB5 /* x.wav */; };
		6F978039284760BF00A91EB5 /* o.wav in Resources */ = {isa = PBXBuildFile; fileRef = 6F978000284760BF00A91EB5 /* o.wav */; };
		6F97803A284760BF00A91EB5 /* n.wav in Resources */ = {isa = PBXBuildFile; fileRef = 6F978001284760BF00A91EB5 /* n.wav */; };
		6F97803B284760BF00A91EB5 /* y.wav in Resources */ = {isa = PBXBuildFile; fileRef = 6F978002284760BF00A91EB5 /* y.wav */; };
		6F97803C284760BF00A91EB5 /* l.wav in Resources */ = {isa = PBXBuildFile; fileRef = 6F978003284760BF00A91EB5 /* l.wav */; };
		6F97803D284760BF00A91EB5 /* m.wav in Resources */ = {isa = PBXBuildFile; fileRef = 6F978004284760BF00A91EB5 /* m.wav */; };
		6F97803E284760BF00A91EB5 /* z.wav in Resources */ = {isa = PBXBuildFile; fileRef = 6F978005284760BF00A91EB5 /* z.wav */; };
		6F97803F284760BF00A91EB5 /* down.mp3 in Resources */ = {isa = PBXBuildFile; fileRef = 6F978006284760BF00A91EB5 /* down.mp3 */; };
		6F978040284760BF00A91EB5 /* w.wav in Resources */ = {isa = PBXBuildFile; fileRef = 6F978007284760BF00A91EB5 /* w.wav */; };
		6F978041284760BF00A91EB5 /* ].mp3 in Resources */ = {isa = PBXBuildFile; fileRef = 6F978008284760BF00A91EB5 /* ].mp3 */; };
		6F978042284760BF00A91EB5 /* \.mp3 in Resources */ = {isa = PBXBuildFile; fileRef = 6F978009284760BF00A91EB5 /* \.mp3 */; };
		6F978043284760BF00A91EB5 /* a.wav in Resources */ = {isa = PBXBuildFile; fileRef = 6F97800A284760BF00A91EB5 /* a.wav */; };
		6F978044284760BF00A91EB5 /* v.wav in Resources */ = {isa = PBXBuildFile; fileRef = 6F97800B284760BF00A91EB5 /* v.wav */; };
		6F978045284760BF00A91EB5 /* t.wav in Resources */ = {isa = PBXBuildFile; fileRef = 6F97800C284760BF00A91EB5 /* t.wav */; };
		6F978046284760BF00A91EB5 /* c.wav in Resources */ = {isa = PBXBuildFile; fileRef = 6F97800D284760BF00A91EB5 /* c.wav */; };
		6F978047284760BF00A91EB5 /* b.wav in Resources */ = {isa = PBXBuildFile; fileRef = 6F97800E284760BF00A91EB5 /* b.wav */; };
		6F978048284760BF00A91EB5 /* u.wav in Resources */ = {isa = PBXBuildFile; fileRef = 6F97800F284760BF00A91EB5 /* u.wav */; };
		6F978049284760BF00A91EB5 /* f.wav in Resources */ = {isa = PBXBuildFile; fileRef = 6F978010284760BF00A91EB5 /* f.wav */; };
		6F97804A284760BF00A91EB5 /* q.wav in Resources */ = {isa = PBXBuildFile; fileRef = 6F978011284760BF00A91EB5 /* q.wav */; };
		6F97804B284760BF00A91EB5 /* [.mp3 in Resources */ = {isa = PBXBuildFile; fileRef = 6F978012284760BF00A91EB5 /* [.mp3 */; };
		6F97804C284760BF00A91EB5 /* p.wav in Resources */ = {isa = PBXBuildFile; fileRef = 6F978013284760BF00A91EB5 /* p.wav */; };
		6F97804D284760BF00A91EB5 /* g.wav in Resources */ = {isa = PBXBuildFile; fileRef = 6F978014284760BF00A91EB5 /* g.wav */; };
		6F97804E284760BF00A91EB5 /* e.wav in Resources */ = {isa = PBXBuildFile; fileRef = 6F978015284760BF00A91EB5 /* e.wav */; };
		6F97804F284760BF00A91EB5 /* r.wav in Resources */ = {isa = PBXBuildFile; fileRef = 6F978016284760BF00A91EB5 /* r.wav */; };
		6F978050284760BF00A91EB5 /* tab.mp3 in Resources */ = {isa = PBXBuildFile; fileRef = 6F978017284760BF00A91EB5 /* tab.mp3 */; };
		6F978051284760BF00A91EB5 /* s.wav in Resources */ = {isa = PBXBuildFile; fileRef = 6F978018284760BF00A91EB5 /* s.wav */; };
		6F978052284760BF00A91EB5 /* d.wav in Resources */ = {isa = PBXBuildFile; fileRef = 6F978019284760BF00A91EB5 /* d.wav */; };
		6F978053284760BF00A91EB5 /* slash.mp3 in Resources */ = {isa = PBXBuildFile; fileRef = 6F97801A284760BF00A91EB5 /* slash.mp3 */; };
		6F978054284760BF00A91EB5 /* =.mp3 in Resources */ = {isa = PBXBuildFile; fileRef = 6F97801B284760BF00A91EB5 /* =.mp3 */; };
		6F978055284760BF00A91EB5 /* +.mp3 in Resources */ = {isa = PBXBuildFile; fileRef = 6F97801C284760BF00A91EB5 /* +.mp3 */; };
		6F978056284760BF00A91EB5 /* 8.mp3 in Resources */ = {isa = PBXBuildFile; fileRef = 6F97801D284760BF00A91EB5 /* 8.mp3 */; };
		6F978057284760BF00A91EB5 /* 9.mp3 in Resources */ = {isa = PBXBuildFile; fileRef = 6F97801E284760BF00A91EB5 /* 9.mp3 */; };
		6F978058284760BF00A91EB5 /* up.mp3 in Resources */ = {isa = PBXBuildFile; fileRef = 6F97801F284760BF00A91EB5 /* up.mp3 */; };
		6F978059284760BF00A91EB5 /* ,.mp3 in Resources */ = {isa = PBXBuildFile; fileRef = 6F978020284760BF00A91EB5 /* ,.mp3 */; };
		6F97805A284760BF00A91EB5 /* ;.mp3 in Resources */ = {isa = PBXBuildFile; fileRef = 6F978021284760BF00A91EB5 /* ;.mp3 */; };
		6F97805B284760BF00A91EB5 /* space.mp3 in Resources */ = {isa = PBXBuildFile; fileRef = 6F978022284760BF00A91EB5 /* space.mp3 */; };
		6F97805C284760BF00A91EB5 /* -.mp3 in Resources */ = {isa = PBXBuildFile; fileRef = 6F978023284760BF00A91EB5 /* -.mp3 */; };
		6FB957FD286314570098368A /* command.mp3 in Resources */ = {isa = PBXBuildFile; fileRef = 6FB957F8286314560098368A /* command.mp3 */; };
		6FB957FE286314570098368A /* alter.mp3 in Resources */ = {isa = PBXBuildFile; fileRef = 6FB957F9286314560098368A /* alter.mp3 */; };
		6FB957FF286314570098368A /* control.mp3 in Resources */ = {isa = PBXBuildFile; fileRef = 6FB957FA286314560098368A /* control.mp3 */; };
		6FB95800286314570098368A /* win.mp3 in Resources */ = {isa = PBXBuildFile; fileRef = 6FB957FB286314560098368A /* win.mp3 */; };
		6FB95801286314570098368A /* shift.mp3 in Resources */ = {isa = PBXBuildFile; fileRef = 6FB957FC286314570098368A /* shift.mp3 */; };
		6FB9580828631EE10098368A /* home.mp3 in Resources */ = {isa = PBXBuildFile; fileRef = 6FB9580228631EE00098368A /* home.mp3 */; };
		6FB9580928631EE10098368A /* insert.mp3 in Resources */ = {isa = PBXBuildFile; fileRef = 6FB9580328631EE00098368A /* insert.mp3 */; };
		6FB9580A28631EE10098368A /* pagedown.mp3 in Resources */ = {isa = PBXBuildFile; fileRef = 6FB9580428631EE00098368A /* pagedown.mp3 */; };
		6FB9580B28631EE10098368A /* pageup.mp3 in Resources */ = {isa = PBXBuildFile; fileRef = 6FB9580528631EE10098368A /* pageup.mp3 */; };
		6FB9580C28631EE10098368A /* delete.mp3 in Resources */ = {isa = PBXBuildFile; fileRef = 6FB9580628631EE10098368A /* delete.mp3 */; };
		6FB9580D28631EE10098368A /* end.mp3 in Resources */ = {isa = PBXBuildFile; fileRef = 6FB9580728631EE10098368A /* end.mp3 */; };
		6FB958122863430A0098368A /* apple.mp3 in Resources */ = {isa = PBXBuildFile; fileRef = 6FB958112863430A0098368A /* apple.mp3 */; };
		6FB9582528634B290098368A /* kiwifruit.mp3 in Resources */ = {isa = PBXBuildFile; fileRef = 6FB9581328634B280098368A /* kiwifruit.mp3 */; };
		6FB9582628634B290098368A /* durian.mp3 in Resources */ = {isa = PBXBuildFile; fileRef = 6FB9581428634B280098368A /* durian.mp3 */; };
		6FB9582728634B290098368A /* strawberry.mp3 in Resources */ = {isa = PBXBuildFile; fileRef = 6FB9581528634B280098368A /* strawberry.mp3 */; };
		6FB9582828634B290098368A /* banana.mp3 in Resources */ = {isa = PBXBuildFile; fileRef = 6FB9581628634B280098368A /* banana.mp3 */; };
		6FB9582928634B290098368A /* tangerine.mp3 in Resources */ = {isa = PBXBuildFile; fileRef = 6FB9581728634B280098368A /* tangerine.mp3 */; };
		6FB9582A28634B290098368A /* watermelon.mp3 in Resources */ = {isa = PBXBuildFile; fileRef = 6FB9581828634B280098368A /* watermelon.mp3 */; };
		6FB9582B28634B290098368A /* nectarine.mp3 in Resources */ = {isa = PBXBuildFile; fileRef = 6FB9581928634B280098368A /* nectarine.mp3 */; };
		6FB9582C28634B290098368A /* pear.mp3 in Resources */ = {isa = PBXBuildFile; fileRef = 6FB9581A28634B280098368A /* pear.mp3 */; };
		6FB9582D28634B290098368A /* fig.mp3 in Resources */ = {isa = PBXBuildFile; fileRef = 6FB9581B28634B280098368A /* fig.mp3 */; };
		6FB9582E28634B290098368A /* eggplant.mp3 in Resources */ = {isa = PBXBuildFile; fileRef = 6FB9581C28634B280098368A /* eggplant.mp3 */; };
		6FB9582F28634B290098368A /* orange.mp3 in Resources */ = {isa = PBXBuildFile; fileRef = 6FB9581D28634B280098368A /* orange.mp3 */; };
		6FB9583028634B290098368A /* cherry.mp3 in Resources */ = {isa = PBXBuildFile; fileRef = 6FB9581E28634B280098368A /* cherry.mp3 */; };
		6FB9583128634B290098368A /* grape.mp3 in Resources */ = {isa = PBXBuildFile; fileRef = 6FB9581F28634B290098368A /* grape.mp3 */; };
		6FB9583228634B290098368A /* mango.mp3 in Resources */ = {isa = PBXBuildFile; fileRef = 6FB9582028634B290098368A /* mango.mp3 */; };
		6FB9583328634B290098368A /* haw.mp3 in Resources */ = {isa = PBXBuildFile; fileRef = 6FB9582128634B290098368A /* haw.mp3 */; };
		6FB9583428634B290098368A /* rambutan.mp3 in Resources */ = {isa = PBXBuildFile; fileRef = 6FB9582228634B290098368A /* rambutan.mp3 */; };
		6FB9583528634B290098368A /* lichee.mp3 in Resources */ = {isa = PBXBuildFile; fileRef = 6FB9582328634B290098368A /* lichee.mp3 */; };
		6FB9583628634B290098368A /* quarenden.mp3 in Resources */ = {isa = PBXBuildFile; fileRef = 6FB9582428634B290098368A /* quarenden.mp3 */; };
		6FBAEC3B284456190039EE87 /* AppDelegate.swift in Sources */ = {isa = PBXBuildFile; fileRef = 6FBAEC3A284456190039EE87 /* AppDelegate.swift */; };
		6FBAEC3D284456190039EE87 /* ViewController.swift in Sources */ = {isa = PBXBuildFile; fileRef = 6FBAEC3C284456190039EE87 /* ViewController.swift */; };
		6FBAEC3F2844561A0039EE87 /* Assets.xcassets in Resources */ = {isa = PBXBuildFile; fileRef = 6FBAEC3E2844561A0039EE87 /* Assets.xcassets */; };
		6FBAEC422844561A0039EE87 /* Main.storyboard in Resources */ = {isa = PBXBuildFile; fileRef = 6FBAEC402844561A0039EE87 /* Main.storyboard */; };
		6FD9BB5A286B230E001DD35F /* OtherSource.swift in Sources */ = {isa = PBXBuildFile; fileRef = 6FD9BB59286B230E001DD35F /* OtherSource.swift */; };
		6FD9BB5C286B257C001DD35F /* NumberSource.swift in Sources */ = {isa = PBXBuildFile; fileRef = 6FD9BB5B286B257C001DD35F /* NumberSource.swift */; };
/* End PBXBuildFile section */

/* Begin PBXFileReference section */
		6F842E132864829C006D04A4 /* PlayItemGenerator.swift */ = {isa = PBXFileReference; lastKnownFileType = sourcecode.swift; path = PlayItemGenerator.swift; sourceTree = "<group>"; };
		6F842E1528654524006D04A4 /* AlphabetSource.swift */ = {isa = PBXFileReference; lastKnownFileType = sourcecode.swift; path = AlphabetSource.swift; sourceTree = "<group>"; };
		6F842E1728655049006D04A4 /* FruitSource.swift */ = {isa = PBXFileReference; lastKnownFileType = sourcecode.swift; path = FruitSource.swift; sourceTree = "<group>"; };
		6F95D8BA286B1490007C911C /* ModifierSource.swift */ = {isa = PBXFileReference; lastKnownFileType = sourcecode.swift; path = ModifierSource.swift; sourceTree = "<group>"; };
		6F95D8BC286B1BFC007C911C /* UnknownSource.swift */ = {isa = PBXFileReference; lastKnownFileType = sourcecode.swift; path = UnknownSource.swift; sourceTree = "<group>"; };
		6F95D8BE286B1DAF007C911C /* SpecialSource.swift */ = {isa = PBXFileReference; lastKnownFileType = sourcecode.swift; path = SpecialSource.swift; sourceTree = "<group>"; };
		6F977FEB284760BF00A91EB5 /* 7.mp3 */ = {isa = PBXFileReference; lastKnownFileType = audio.mp3; path = 7.mp3; sourceTree = "<group>"; };
		6F977FEC284760BF00A91EB5 /* 6.mp3 */ = {isa = PBXFileReference; lastKnownFileType = audio.mp3; path = 6.mp3; sourceTree = "<group>"; };
		6F977FED284760BF00A91EB5 /* `.mp3 */ = {isa = PBXFileReference; lastKnownFileType = audio.mp3; path = "`.mp3"; sourceTree = "<group>"; };
		6F977FEE284760BF00A91EB5 /* 4.mp3 */ = {isa = PBXFileReference; lastKnownFileType = audio.mp3; path = 4.mp3; sourceTree = "<group>"; };
		6F977FEF284760BF00A91EB5 /* 5.mp3 */ = {isa = PBXFileReference; lastKnownFileType = audio.mp3; path = 5.mp3; sourceTree = "<group>"; };
		6F977FF0284760BF00A91EB5 /* caps.mp3 */ = {isa = PBXFileReference; lastKnownFileType = audio.mp3; path = caps.mp3; sourceTree = "<group>"; };
		6F977FF1284760BF00A91EB5 /* right.mp3 */ = {isa = PBXFileReference; lastKnownFileType = audio.mp3; path = right.mp3; sourceTree = "<group>"; };
		6F977FF2284760BF00A91EB5 /* 1.mp3 */ = {isa = PBXFileReference; lastKnownFileType = audio.mp3; path = 1.mp3; sourceTree = "<group>"; };
		6F977FF3284760BF00A91EB5 /* '.mp3 */ = {isa = PBXFileReference; lastKnownFileType = audio.mp3; path = "'.mp3"; sourceTree = "<group>"; };
		6F977FF4284760BF00A91EB5 /* 0.mp3 */ = {isa = PBXFileReference; lastKnownFileType = audio.mp3; path = 0.mp3; sourceTree = "<group>"; };
		6F977FF5284760BF00A91EB5 /* period.mp3 */ = {isa = PBXFileReference; lastKnownFileType = audio.mp3; path = period.mp3; sourceTree = "<group>"; };
		6F977FF6284760BF00A91EB5 /* 2.mp3 */ = {isa = PBXFileReference; lastKnownFileType = audio.mp3; path = 2.mp3; sourceTree = "<group>"; };
		6F977FF7284760BF00A91EB5 /* 3.mp3 */ = {isa = PBXFileReference; lastKnownFileType = audio.mp3; path = 3.mp3; sourceTree = "<group>"; };
		6F977FF8284760BF00A91EB5 /* i.wav */ = {isa = PBXFileReference; lastKnownFileType = audio.wav; path = i.wav; sourceTree = "<group>"; };
		6F977FF9284760BF00A91EB5 /* backspace.mp3 */ = {isa = PBXFileReference; lastKnownFileType = audio.mp3; path = backspace.mp3; sourceTree = "<group>"; };
		6F977FFA284760BF00A91EB5 /* h.wav */ = {isa = PBXFileReference; lastKnownFileType = audio.wav; path = h.wav; sourceTree = "<group>"; };
		6F977FFB284760BF00A91EB5 /* enter.mp3 */ = {isa = PBXFileReference; lastKnownFileType = audio.mp3; path = enter.mp3; sourceTree = "<group>"; };
		6F977FFC284760BF00A91EB5 /* j.wav */ = {isa = PBXFileReference; lastKnownFileType = audio.wav; path = j.wav; sourceTree = "<group>"; };
		6F977FFD284760BF00A91EB5 /* k.wav */ = {isa = PBXFileReference; lastKnownFileType = audio.wav; path = k.wav; sourceTree = "<group>"; };
		6F977FFE284760BF00A91EB5 /* left.mp3 */ = {isa = PBXFileReference; lastKnownFileType = audio.mp3; path = left.mp3; sourceTree = "<group>"; };
		6F977FFF284760BF00A91EB5 /* x.wav */ = {isa = PBXFileReference; lastKnownFileType = audio.wav; path = x.wav; sourceTree = "<group>"; };
		6F978000284760BF00A91EB5 /* o.wav */ = {isa = PBXFileReference; lastKnownFileType = audio.wav; path = o.wav; sourceTree = "<group>"; };
		6F978001284760BF00A91EB5 /* n.wav */ = {isa = PBXFileReference; lastKnownFileType = audio.wav; path = n.wav; sourceTree = "<group>"; };
		6F978002284760BF00A91EB5 /* y.wav */ = {isa = PBXFileReference; lastKnownFileType = audio.wav; path = y.wav; sourceTree = "<group>"; };
		6F978003284760BF00A91EB5 /* l.wav */ = {isa = PBXFileReference; lastKnownFileType = audio.wav; path = l.wav; sourceTree = "<group>"; };
		6F978004284760BF00A91EB5 /* m.wav */ = {isa = PBXFileReference; lastKnownFileType = audio.wav; path = m.wav; sourceTree = "<group>"; };
		6F978005284760BF00A91EB5 /* z.wav */ = {isa = PBXFileReference; lastKnownFileType = audio.wav; path = z.wav; sourceTree = "<group>"; };
		6F978006284760BF00A91EB5 /* down.mp3 */ = {isa = PBXFileReference; lastKnownFileType = audio.mp3; path = down.mp3; sourceTree = "<group>"; };
		6F978007284760BF00A91EB5 /* w.wav */ = {isa = PBXFileReference; lastKnownFileType = audio.wav; path = w.wav; sourceTree = "<group>"; };
		6F978008284760BF00A91EB5 /* ].mp3 */ = {isa = PBXFileReference; lastKnownFileType = audio.mp3; path = "].mp3"; sourceTree = "<group>"; };
		6F978009284760BF00A91EB5 /* \.mp3 */ = {isa = PBXFileReference; lastKnownFileType = audio.mp3; path = "\\.mp3"; sourceTree = "<group>"; };
		6F97800A284760BF00A91EB5 /* a.wav */ = {isa = PBXFileReference; lastKnownFileType = audio.wav; path = a.wav; sourceTree = "<group>"; };
		6F97800B284760BF00A91EB5 /* v.wav */ = {isa = PBXFileReference; lastKnownFileType = audio.wav; path = v.wav; sourceTree = "<group>"; };
		6F97800C284760BF00A91EB5 /* t.wav */ = {isa = PBXFileReference; lastKnownFileType = audio.wav; path = t.wav; sourceTree = "<group>"; };
		6F97800D284760BF00A91EB5 /* c.wav */ = {isa = PBXFileReference; lastKnownFileType = audio.wav; path = c.wav; sourceTree = "<group>"; };
		6F97800E284760BF00A91EB5 /* b.wav */ = {isa = PBXFileReference; lastKnownFileType = audio.wav; path = b.wav; sourceTree = "<group>"; };
		6F97800F284760BF00A91EB5 /* u.wav */ = {isa = PBXFileReference; lastKnownFileType = audio.wav; path = u.wav; sourceTree = "<group>"; };
		6F978010284760BF00A91EB5 /* f.wav */ = {isa = PBXFileReference; lastKnownFileType = audio.wav; path = f.wav; sourceTree = "<group>"; };
		6F978011284760BF00A91EB5 /* q.wav */ = {isa = PBXFileReference; lastKnownFileType = audio.wav; path = q.wav; sourceTree = "<group>"; };
		6F978012284760BF00A91EB5 /* [.mp3 */ = {isa = PBXFileReference; lastKnownFileType = audio.mp3; path = "[.mp3"; sourceTree = "<group>"; };
		6F978013284760BF00A91EB5 /* p.wav */ = {isa = PBXFileReference; lastKnownFileType = audio.wav; path = p.wav; sourceTree = "<group>"; };
		6F978014284760BF00A91EB5 /* g.wav */ = {isa = PBXFileReference; lastKnownFileType = audio.wav; path = g.wav; sourceTree = "<group>"; };
		6F978015284760BF00A91EB5 /* e.wav */ = {isa = PBXFileReference; lastKnownFileType = audio.wav; path = e.wav; sourceTree = "<group>"; };
		6F978016284760BF00A91EB5 /* r.wav */ = {isa = PBXFileReference; lastKnownFileType = audio.wav; path = r.wav; sourceTree = "<group>"; };
		6F978017284760BF00A91EB5 /* tab.mp3 */ = {isa = PBXFileReference; lastKnownFileType = audio.mp3; path = tab.mp3; sourceTree = "<group>"; };
		6F978018284760BF00A91EB5 /* s.wav */ = {isa = PBXFileReference; lastKnownFileType = audio.wav; path = s.wav; sourceTree = "<group>"; };
		6F978019284760BF00A91EB5 /* d.wav */ = {isa = PBXFileReference; lastKnownFileType = audio.wav; path = d.wav; sourceTree = "<group>"; };
		6F97801A284760BF00A91EB5 /* slash.mp3 */ = {isa = PBXFileReference; lastKnownFileType = audio.mp3; path = slash.mp3; sourceTree = "<group>"; };
		6F97801B284760BF00A91EB5 /* =.mp3 */ = {isa = PBXFileReference; lastKnownFileType = audio.mp3; path = "=.mp3"; sourceTree = "<group>"; };
		6F97801C284760BF00A91EB5 /* +.mp3 */ = {isa = PBXFileReference; lastKnownFileType = audio.mp3; path = "+.mp3"; sourceTree = "<group>"; };
		6F97801D284760BF00A91EB5 /* 8.mp3 */ = {isa = PBXFileReference; lastKnownFileType = audio.mp3; path = 8.mp3; sourceTree = "<group>"; };
		6F97801E284760BF00A91EB5 /* 9.mp3 */ = {isa = PBXFileReference; lastKnownFileType = audio.mp3; path = 9.mp3; sourceTree = "<group>"; };
		6F97801F284760BF00A91EB5 /* up.mp3 */ = {isa = PBXFileReference; lastKnownFileType = audio.mp3; path = up.mp3; sourceTree = "<group>"; };
		6F978020284760BF00A91EB5 /* ,.mp3 */ = {isa = PBXFileReference; lastKnownFileType = audio.mp3; path = ",.mp3"; sourceTree = "<group>"; };
		6F978021284760BF00A91EB5 /* ;.mp3 */ = {isa = PBXFileReference; lastKnownFileType = audio.mp3; path = ";.mp3"; sourceTree = "<group>"; };
		6F978022284760BF00A91EB5 /* space.mp3 */ = {isa = PBXFileReference; lastKnownFileType = audio.mp3; path = space.mp3; sourceTree = "<group>"; };
		6F978023284760BF00A91EB5 /* -.mp3 */ = {isa = PBXFileReference; lastKnownFileType = audio.mp3; path = "-.mp3"; sourceTree = "<group>"; };
		6FB957F8286314560098368A /* command.mp3 */ = {isa = PBXFileReference; lastKnownFileType = audio.mp3; path = command.mp3; sourceTree = "<group>"; };
		6FB957F9286314560098368A /* alter.mp3 */ = {isa = PBXFileReference; lastKnownFileType = audio.mp3; path = alter.mp3; sourceTree = "<group>"; };
		6FB957FA286314560098368A /* control.mp3 */ = {isa = PBXFileReference; lastKnownFileType = audio.mp3; path = control.mp3; sourceTree = "<group>"; };
		6FB957FB286314560098368A /* win.mp3 */ = {isa = PBXFileReference; lastKnownFileType = audio.mp3; path = win.mp3; sourceTree = "<group>"; };
		6FB957FC286314570098368A /* shift.mp3 */ = {isa = PBXFileReference; lastKnownFileType = audio.mp3; path = shift.mp3; sourceTree = "<group>"; };
		6FB9580228631EE00098368A /* home.mp3 */ = {isa = PBXFileReference; lastKnownFileType = audio.mp3; path = home.mp3; sourceTree = "<group>"; };
		6FB9580328631EE00098368A /* insert.mp3 */ = {isa = PBXFileReference; lastKnownFileType = audio.mp3; path = insert.mp3; sourceTree = "<group>"; };
		6FB9580428631EE00098368A /* pagedown.mp3 */ = {isa = PBXFileReference; lastKnownFileType = audio.mp3; path = pagedown.mp3; sourceTree = "<group>"; };
		6FB9580528631EE10098368A /* pageup.mp3 */ = {isa = PBXFileReference; lastKnownFileType = audio.mp3; path = pageup.mp3; sourceTree = "<group>"; };
		6FB9580628631EE10098368A /* delete.mp3 */ = {isa = PBXFileReference; lastKnownFileType = audio.mp3; path = delete.mp3; sourceTree = "<group>"; };
		6FB9580728631EE10098368A /* end.mp3 */ = {isa = PBXFileReference; lastKnownFileType = audio.mp3; path = end.mp3; sourceTree = "<group>"; };
		6FB958112863430A0098368A /* apple.mp3 */ = {isa = PBXFileReference; lastKnownFileType = audio.mp3; path = apple.mp3; sourceTree = "<group>"; };
		6FB9581328634B280098368A /* kiwifruit.mp3 */ = {isa = PBXFileReference; lastKnownFileType = audio.mp3; path = kiwifruit.mp3; sourceTree = "<group>"; };
		6FB9581428634B280098368A /* durian.mp3 */ = {isa = PBXFileReference; lastKnownFileType = audio.mp3; path = durian.mp3; sourceTree = "<group>"; };
		6FB9581528634B280098368A /* strawberry.mp3 */ = {isa = PBXFileReference; lastKnownFileType = audio.mp3; path = strawberry.mp3; sourceTree = "<group>"; };
		6FB9581628634B280098368A /* banana.mp3 */ = {isa = PBXFileReference; lastKnownFileType = audio.mp3; path = banana.mp3; sourceTree = "<group>"; };
		6FB9581728634B280098368A /* tangerine.mp3 */ = {isa = PBXFileReference; lastKnownFileType = audio.mp3; path = tangerine.mp3; sourceTree = "<group>"; };
		6FB9581828634B280098368A /* watermelon.mp3 */ = {isa = PBXFileReference; lastKnownFileType = audio.mp3; path = watermelon.mp3; sourceTree = "<group>"; };
		6FB9581928634B280098368A /* nectarine.mp3 */ = {isa = PBXFileReference; lastKnownFileType = audio.mp3; path = nectarine.mp3; sourceTree = "<group>"; };
		6FB9581A28634B280098368A /* pear.mp3 */ = {isa = PBXFileReference; lastKnownFileType = audio.mp3; path = pear.mp3; sourceTree = "<group>"; };
		6FB9581B28634B280098368A /* fig.mp3 */ = {isa = PBXFileReference; lastKnownFileType = audio.mp3; path = fig.mp3; sourceTree = "<group>"; };
		6FB9581C28634B280098368A /* eggplant.mp3 */ = {isa = PBXFileReference; lastKnownFileType = audio.mp3; path = eggplant.mp3; sourceTree = "<group>"; };
		6FB9581D28634B280098368A /* orange.mp3 */ = {isa = PBXFileReference; lastKnownFileType = audio.mp3; path = orange.mp3; sourceTree = "<group>"; };
		6FB9581E28634B280098368A /* cherry.mp3 */ = {isa = PBXFileReference; lastKnownFileType = audio.mp3; path = cherry.mp3; sourceTree = "<group>"; };
		6FB9581F28634B290098368A /* grape.mp3 */ = {isa = PBXFileReference; lastKnownFileType = audio.mp3; path = grape.mp3; sourceTree = "<group>"; };
		6FB9582028634B290098368A /* mango.mp3 */ = {isa = PBXFileReference; lastKnownFileType = audio.mp3; path = mango.mp3; sourceTree = "<group>"; };
		6FB9582128634B290098368A /* haw.mp3 */ = {isa = PBXFileReference; lastKnownFileType = audio.mp3; path = haw.mp3; sourceTree = "<group>"; };
		6FB9582228634B290098368A /* rambutan.mp3 */ = {isa = PBXFileReference; lastKnownFileType = audio.mp3; path = rambutan.mp3; sourceTree = "<group>"; };
		6FB9582328634B290098368A /* lichee.mp3 */ = {isa = PBXFileReference; lastKnownFileType = audio.mp3; path = lichee.mp3; sourceTree = "<group>"; };
		6FB9582428634B290098368A /* quarenden.mp3 */ = {isa = PBXFileReference; lastKnownFileType = audio.mp3; path = quarenden.mp3; sourceTree = "<group>"; };
		6FBAEC37284456190039EE87 /* KeyboardPlay.app */ = {isa = PBXFileReference; explicitFileType = wrapper.application; includeInIndex = 0; path = KeyboardPlay.app; sourceTree = BUILT_PRODUCTS_DIR; };
		6FBAEC3A284456190039EE87 /* AppDelegate.swift */ = {isa = PBXFileReference; lastKnownFileType = sourcecode.swift; path = AppDelegate.swift; sourceTree = "<group>"; };
		6FBAEC3C284456190039EE87 /* ViewController.swift */ = {isa = PBXFileReference; lastKnownFileType = sourcecode.swift; path = ViewController.swift; sourceTree = "<group>"; };
		6FBAEC3E2844561A0039EE87 /* Assets.xcassets */ = {isa = PBXFileReference; lastKnownFileType = folder.assetcatalog; path = Assets.xcassets; sourceTree = "<group>"; };
		6FBAEC412844561A0039EE87 /* Base */ = {isa = PBXFileReference; lastKnownFileType = file.storyboard; name = Base; path = Base.lproj/Main.storyboard; sourceTree = "<group>"; };
		6FBAEC432844561A0039EE87 /* KeyboardPlay.entitlements */ = {isa = PBXFileReference; lastKnownFileType = text.plist.entitlements; path = KeyboardPlay.entitlements; sourceTree = "<group>"; };
		6FBAEC4928445E9B0039EE87 /* Info.plist */ = {isa = PBXFileReference; lastKnownFileType = text.plist; path = Info.plist; sourceTree = "<group>"; };
		6FD9BB59286B230E001DD35F /* OtherSource.swift */ = {isa = PBXFileReference; lastKnownFileType = sourcecode.swift; path = OtherSource.swift; sourceTree = "<group>"; };
		6FD9BB5B286B257C001DD35F /* NumberSource.swift */ = {isa = PBXFileReference; lastKnownFileType = sourcecode.swift; path = NumberSource.swift; sourceTree = "<group>"; };
/* End PBXFileReference section */

/* Begin PBXFrameworksBuildPhase section */
		6FBAEC34284456190039EE87 /* Frameworks */ = {
			isa = PBXFrameworksBuildPhase;
			buildActionMask = 2147483647;
			files = (
			);
			runOnlyForDeploymentPostprocessing = 0;
		};
/* End PBXFrameworksBuildPhase section */

/* Begin PBXGroup section */
		6F977FEA284760BF00A91EB5 /* audios */ = {
			isa = PBXGroup;
			children = (
				6FB9580F286342E20098368A /* fruits */,
				6FB95810286342F00098368A /* keys */,
			);
			path = audios;
			sourceTree = "<group>";
		};
		6FB9580F286342E20098368A /* fruits */ = {
			isa = PBXGroup;
			children = (
				6FB958112863430A0098368A /* apple.mp3 */,
				6FB9581628634B280098368A /* banana.mp3 */,
				6FB9581E28634B280098368A /* cherry.mp3 */,
				6FB9581428634B280098368A /* durian.mp3 */,
				6FB9581C28634B280098368A /* eggplant.mp3 */,
				6FB9581B28634B280098368A /* fig.mp3 */,
				6FB9581F28634B290098368A /* grape.mp3 */,
				6FB9582128634B290098368A /* haw.mp3 */,
				6FB9581328634B280098368A /* kiwifruit.mp3 */,
				6FB9582328634B290098368A /* lichee.mp3 */,
				6FB9582028634B290098368A /* mango.mp3 */,
				6FB9581928634B280098368A /* nectarine.mp3 */,
				6FB9581D28634B280098368A /* orange.mp3 */,
				6FB9581A28634B280098368A /* pear.mp3 */,
				6FB9582428634B290098368A /* quarenden.mp3 */,
				6FB9582228634B290098368A /* rambutan.mp3 */,
				6FB9581528634B280098368A /* strawberry.mp3 */,
				6FB9581728634B280098368A /* tangerine.mp3 */,
				6FB9581828634B280098368A /* watermelon.mp3 */,
			);
			path = fruits;
			sourceTree = "<group>";
		};
		6FB95810286342F00098368A /* keys */ = {
			isa = PBXGroup;
			children = (
				6FB9580628631EE10098368A /* delete.mp3 */,
				6FB9580728631EE10098368A /* end.mp3 */,
				6FB9580228631EE00098368A /* home.mp3 */,
				6FB9580328631EE00098368A /* insert.mp3 */,
				6FB9580428631EE00098368A /* pagedown.mp3 */,
				6FB9580528631EE10098368A /* pageup.mp3 */,
				6FB957F9286314560098368A /* alter.mp3 */,
				6FB957F8286314560098368A /* command.mp3 */,
				6FB957FA286314560098368A /* control.mp3 */,
				6FB957FC286314570098368A /* shift.mp3 */,
				6FB957FB286314560098368A /* win.mp3 */,
				6F977FEB284760BF00A91EB5 /* 7.mp3 */,
				6F977FEC284760BF00A91EB5 /* 6.mp3 */,
				6F977FED284760BF00A91EB5 /* `.mp3 */,
				6F977FEE284760BF00A91EB5 /* 4.mp3 */,
				6F977FEF284760BF00A91EB5 /* 5.mp3 */,
				6F977FF0284760BF00A91EB5 /* caps.mp3 */,
				6F977FF1284760BF00A91EB5 /* right.mp3 */,
				6F977FF2284760BF00A91EB5 /* 1.mp3 */,
				6F977FF3284760BF00A91EB5 /* '.mp3 */,
				6F977FF4284760BF00A91EB5 /* 0.mp3 */,
				6F977FF5284760BF00A91EB5 /* period.mp3 */,
				6F977FF6284760BF00A91EB5 /* 2.mp3 */,
				6F977FF7284760BF00A91EB5 /* 3.mp3 */,
				6F977FF8284760BF00A91EB5 /* i.wav */,
				6F977FF9284760BF00A91EB5 /* backspace.mp3 */,
				6F977FFA284760BF00A91EB5 /* h.wav */,
				6F977FFB284760BF00A91EB5 /* enter.mp3 */,
				6F977FFC284760BF00A91EB5 /* j.wav */,
				6F977FFD284760BF00A91EB5 /* k.wav */,
				6F977FFE284760BF00A91EB5 /* left.mp3 */,
				6F977FFF284760BF00A91EB5 /* x.wav */,
				6F978000284760BF00A91EB5 /* o.wav */,
				6F978001284760BF00A91EB5 /* n.wav */,
				6F978002284760BF00A91EB5 /* y.wav */,
				6F978003284760BF00A91EB5 /* l.wav */,
				6F978004284760BF00A91EB5 /* m.wav */,
				6F978005284760BF00A91EB5 /* z.wav */,
				6F978006284760BF00A91EB5 /* down.mp3 */,
				6F978007284760BF00A91EB5 /* w.wav */,
				6F978008284760BF00A91EB5 /* ].mp3 */,
				6F978009284760BF00A91EB5 /* \.mp3 */,
				6F97800A284760BF00A91EB5 /* a.wav */,
				6F97800B284760BF00A91EB5 /* v.wav */,
				6F97800C284760BF00A91EB5 /* t.wav */,
				6F97800D284760BF00A91EB5 /* c.wav */,
				6F97800E284760BF00A91EB5 /* b.wav */,
				6F97800F284760BF00A91EB5 /* u.wav */,
				6F978010284760BF00A91EB5 /* f.wav */,
				6F978011284760BF00A91EB5 /* q.wav */,
				6F978012284760BF00A91EB5 /* [.mp3 */,
				6F978013284760BF00A91EB5 /* p.wav */,
				6F978014284760BF00A91EB5 /* g.wav */,
				6F978015284760BF00A91EB5 /* e.wav */,
				6F978016284760BF00A91EB5 /* r.wav */,
				6F978017284760BF00A91EB5 /* tab.mp3 */,
				6F978018284760BF00A91EB5 /* s.wav */,
				6F978019284760BF00A91EB5 /* d.wav */,
				6F97801A284760BF00A91EB5 /* slash.mp3 */,
				6F97801B284760BF00A91EB5 /* =.mp3 */,
				6F97801C284760BF00A91EB5 /* +.mp3 */,
				6F97801D284760BF00A91EB5 /* 8.mp3 */,
				6F97801E284760BF00A91EB5 /* 9.mp3 */,
				6F97801F284760BF00A91EB5 /* up.mp3 */,
				6F978020284760BF00A91EB5 /* ,.mp3 */,
				6F978021284760BF00A91EB5 /* ;.mp3 */,
				6F978022284760BF00A91EB5 /* space.mp3 */,
				6F978023284760BF00A91EB5 /* -.mp3 */,
			);
			path = keys;
			sourceTree = "<group>";
		};
		6FBAEC2E284456190039EE87 = {
			isa = PBXGroup;
			children = (
				6FBAEC39284456190039EE87 /* KeyboardPlay */,
				6FBAEC38284456190039EE87 /* Products */,
			);
			sourceTree = "<group>";
		};
		6FBAEC38284456190039EE87 /* Products */ = {
			isa = PBXGroup;
			children = (
				6FBAEC37284456190039EE87 /* KeyboardPlay.app */,
			);
			name = Products;
			sourceTree = "<group>";
		};
		6FBAEC39284456190039EE87 /* KeyboardPlay */ = {
			isa = PBXGroup;
			children = (
				6F977FEA284760BF00A91EB5 /* audios */,
				6FBAEC4928445E9B0039EE87 /* Info.plist */,
				6FBAEC3A284456190039EE87 /* AppDelegate.swift */,
				6FBAEC3C284456190039EE87 /* ViewController.swift */,
				6F842E132864829C006D04A4 /* PlayItemGenerator.swift */,
				6F842E1528654524006D04A4 /* AlphabetSource.swift */,
				6F95D8BA286B1490007C911C /* ModifierSource.swift */,
				6F95D8BC286B1BFC007C911C /* UnknownSource.swift */,
				6FD9BB5B286B257C001DD35F /* NumberSource.swift */,
				6F95D8BE286B1DAF007C911C /* SpecialSource.swift */,
				6FD9BB59286B230E001DD35F /* OtherSource.swift */,
				6F842E1728655049006D04A4 /* FruitSource.swift */,
				6FBAEC3E2844561A0039EE87 /* Assets.xcassets */,
				6FBAEC402844561A0039EE87 /* Main.storyboard */,
				6FBAEC432844561A0039EE87 /* KeyboardPlay.entitlements */,
			);
			path = KeyboardPlay;
			sourceTree = "<group>";
		};
/* End PBXGroup section */

/* Begin PBXNativeTarget section */
		6FBAEC36284456190039EE87 /* KeyboardPlay */ = {
			isa = PBXNativeTarget;
			buildConfigurationList = 6FBAEC462844561A0039EE87 /* Build configuration list for PBXNativeTarget "KeyboardPlay" */;
			buildPhases = (
				6FBAEC33284456190039EE87 /* Sources */,
				6FBAEC34284456190039EE87 /* Frameworks */,
				6FBAEC35284456190039EE87 /* Resources */,
			);
			buildRules = (
			);
			dependencies = (
			);
			name = KeyboardPlay;
			productName = KeyboardPlay;
			productReference = 6FBAEC37284456190039EE87 /* KeyboardPlay.app */;
			productType = "com.apple.product-type.application";
		};
/* End PBXNativeTarget section */

/* Begin PBXProject section */
		6FBAEC2F284456190039EE87 /* Project object */ = {
			isa = PBXProject;
			attributes = {
				BuildIndependentTargetsInParallel = 1;
				LastSwiftUpdateCheck = 1330;
				LastUpgradeCheck = 1330;
				TargetAttributes = {
					6FBAEC36284456190039EE87 = {
						CreatedOnToolsVersion = 13.3;
					};
				};
			};
			buildConfigurationList = 6FBAEC32284456190039EE87 /* Build configuration list for PBXProject "KeyboardPlay" */;
			compatibilityVersion = "Xcode 13.0";
			developmentRegion = en;
			hasScannedForEncodings = 0;
			knownRegions = (
				en,
				Base,
			);
			mainGroup = 6FBAEC2E284456190039EE87;
			productRefGroup = 6FBAEC38284456190039EE87 /* Products */;
			projectDirPath = "";
			projectRoot = "";
			targets = (
				6FBAEC36284456190039EE87 /* KeyboardPlay */,
			);
		};
/* End PBXProject section */

/* Begin PBXResourcesBuildPhase section */
		6FBAEC35284456190039EE87 /* Resources */ = {
			isa = PBXResourcesBuildPhase;
			buildActionMask = 2147483647;
			files = (
				6F97805A284760BF00A91EB5 /* ;.mp3 in Resources */,
				6F978058284760BF00A91EB5 /* up.mp3 in Resources */,
				6F97804D284760BF00A91EB5 /* g.wav in Resources */,
				6F978042284760BF00A91EB5 /* \.mp3 in Resources */,
				6FB957FD286314570098368A /* command.mp3 in Resources */,
				6F978046284760BF00A91EB5 /* c.wav in Resources */,
				6F978041284760BF00A91EB5 /* ].mp3 in Resources */,
				6F978048284760BF00A91EB5 /* u.wav in Resources */,
				6F978039284760BF00A91EB5 /* o.wav in Resources */,
				6FB95800286314570098368A /* win.mp3 in Resources */,
				6F978036284760BF00A91EB5 /* k.wav in Resources */,
				6F978030284760BF00A91EB5 /* 3.mp3 in Resources */,
				6F97803E284760BF00A91EB5 /* z.wav in Resources */,
				6F97803A284760BF00A91EB5 /* n.wav in Resources */,
				6F978038284760BF00A91EB5 /* x.wav in Resources */,
				6F97802C284760BF00A91EB5 /* '.mp3 in Resources */,
				6FB9582928634B290098368A /* tangerine.mp3 in Resources */,
				6F978045284760BF00A91EB5 /* t.wav in Resources */,
				6FB9582528634B290098368A /* kiwifruit.mp3 in Resources */,
				6F97803D284760BF00A91EB5 /* m.wav in Resources */,
				6F978059284760BF00A91EB5 /* ,.mp3 in Resources */,
				6FB9580928631EE10098368A /* insert.mp3 in Resources */,
				6F978028284760BF00A91EB5 /* 5.mp3 in Resources */,
				6F978040284760BF00A91EB5 /* w.wav in Resources */,
				6F978044284760BF00A91EB5 /* v.wav in Resources */,
				6F978026284760BF00A91EB5 /* `.mp3 in Resources */,
				6F978034284760BF00A91EB5 /* enter.mp3 in Resources */,
				6F97802D284760BF00A91EB5 /* 0.mp3 in Resources */,
				6F978024284760BF00A91EB5 /* 7.mp3 in Resources */,
				6F97802F284760BF00A91EB5 /* 2.mp3 in Resources */,
				6F97802A284760BF00A91EB5 /* right.mp3 in Resources */,
				6F978056284760BF00A91EB5 /* 8.mp3 in Resources */,
				6F978047284760BF00A91EB5 /* b.wav in Resources */,
				6F97802B284760BF00A91EB5 /* 1.mp3 in Resources */,
				6FB9580828631EE10098368A /* home.mp3 in Resources */,
				6F978033284760BF00A91EB5 /* h.wav in Resources */,
				6F978053284760BF00A91EB5 /* slash.mp3 in Resources */,
				6F978035284760BF00A91EB5 /* j.wav in Resources */,
				6F97804A284760BF00A91EB5 /* q.wav in Resources */,
				6FB9582628634B290098368A /* durian.mp3 in Resources */,
				6FB9582F28634B290098368A /* orange.mp3 in Resources */,
				6F978052284760BF00A91EB5 /* d.wav in Resources */,
				6F97802E284760BF00A91EB5 /* period.mp3 in Resources */,
				6FB9583328634B290098368A /* haw.mp3 in Resources */,
				6FB95801286314570098368A /* shift.mp3 in Resources */,
				6FB9582E28634B290098368A /* eggplant.mp3 in Resources */,
				6F97804F284760BF00A91EB5 /* r.wav in Resources */,
				6F97804C284760BF00A91EB5 /* p.wav in Resources */,
				6FB9582828634B290098368A /* banana.mp3 in Resources */,
				6FB9582B28634B290098368A /* nectarine.mp3 in Resources */,
				6FB9580C28631EE10098368A /* delete.mp3 in Resources */,
				6F978031284760BF00A91EB5 /* i.wav in Resources */,
				6FB957FE286314570098368A /* alter.mp3 in Resources */,
				6F978032284760BF00A91EB5 /* backspace.mp3 in Resources */,
				6F97804B284760BF00A91EB5 /* [.mp3 in Resources */,
				6F978050284760BF00A91EB5 /* tab.mp3 in Resources */,
				6F978025284760BF00A91EB5 /* 6.mp3 in Resources */,
				6FB9583628634B290098368A /* quarenden.mp3 in Resources */,
				6FB958122863430A0098368A /* apple.mp3 in Resources */,
				6F978055284760BF00A91EB5 /* +.mp3 in Resources */,
				6F978051284760BF00A91EB5 /* s.wav in Resources */,
				6FB9580B28631EE10098368A /* pageup.mp3 in Resources */,
				6FB9580D28631EE10098368A /* end.mp3 in Resources */,
				6F97805C284760BF00A91EB5 /* -.mp3 in Resources */,
				6FB9580A28631EE10098368A /* pagedown.mp3 in Resources */,
				6FB9583028634B290098368A /* cherry.mp3 in Resources */,
				6F978054284760BF00A91EB5 /* =.mp3 in Resources */,
				6FB9583528634B290098368A /* lichee.mp3 in Resources */,
				6FB9582C28634B290098368A /* pear.mp3 in Resources */,
				6F978037284760BF00A91EB5 /* left.mp3 in Resources */,
				6F978027284760BF00A91EB5 /* 4.mp3 in Resources */,
				6F97804E284760BF00A91EB5 /* e.wav in Resources */,
				6FB9583428634B290098368A /* rambutan.mp3 in Resources */,
				6F97803B284760BF00A91EB5 /* y.wav in Resources */,
				6FB9582728634B290098368A /* strawberry.mp3 in Resources */,
				6F978029284760BF00A91EB5 /* caps.mp3 in Resources */,
				6FB9583228634B290098368A /* mango.mp3 in Resources */,
				6F97803F284760BF00A91EB5 /* down.mp3 in Resources */,
				6F97805B284760BF00A91EB5 /* space.mp3 in Resources */,
				6F978057284760BF00A91EB5 /* 9.mp3 in Resources */,
				6F97803C284760BF00A91EB5 /* l.wav in Resources */,
				6FBAEC3F2844561A0039EE87 /* Assets.xcassets in Resources */,
				6FB9582A28634B290098368A /* watermelon.mp3 in Resources */,
				6FB9583128634B290098368A /* grape.mp3 in Resources */,
				6FB9582D28634B290098368A /* fig.mp3 in Resources */,
				6F978043284760BF00A91EB5 /* a.wav in Resources */,
				6FBAEC422844561A0039EE87 /* Main.storyboard in Resources */,
				6FB957FF286314570098368A /* control.mp3 in Resources */,
				6F978049284760BF00A91EB5 /* f.wav in Resources */,
			);
			runOnlyForDeploymentPostprocessing = 0;
		};
/* End PBXResourcesBuildPhase section */

/* Begin PBXSourcesBuildPhase section */
		6FBAEC33284456190039EE87 /* Sources */ = {
			isa = PBXSourcesBuildPhase;
			buildActionMask = 2147483647;
			files = (
				6F95D8BF286B1DAF007C911C /* SpecialSource.swift in Sources */,
				6F95D8BD286B1BFC007C911C /* UnknownSource.swift in Sources */,
				6F842E1828655049006D04A4 /* FruitSource.swift in Sources */,
				6F842E142864829C006D04A4 /* PlayItemGenerator.swift in Sources */,
				6FD9BB5A286B230E001DD35F /* OtherSource.swift in Sources */,
				6F842E1628654524006D04A4 /* AlphabetSource.swift in Sources */,
				6FBAEC3D284456190039EE87 /* ViewController.swift in Sources */,
				6FBAEC3B284456190039EE87 /* AppDelegate.swift in Sources */,
				6F95D8BB286B1491007C911C /* ModifierSource.swift in Sources */,
				6FD9BB5C286B257C001DD35F /* NumberSource.swift in Sources */,
			);
			runOnlyForDeploymentPostprocessing = 0;
		};
/* End PBXSourcesBuildPhase section */

/* Begin PBXVariantGroup section */
		6FBAEC402844561A0039EE87 /* Main.storyboard */ = {
			isa = PBXVariantGroup;
			children = (
				6FBAEC412844561A0039EE87 /* Base */,
			);
			name = Main.storyboard;
			sourceTree = "<group>";
		};
/* End PBXVariantGroup section */

/* Begin XCBuildConfiguration section */
		6FBAEC442844561A0039EE87 /* Debug */ = {
			isa = XCBuildConfiguration;
			buildSettings = {
				ALWAYS_SEARCH_USER_PATHS = NO;
				CLANG_ANALYZER_NONNULL = YES;
				CLANG_ANALYZER_NUMBER_OBJECT_CONVERSION = YES_AGGRESSIVE;
				CLANG_CXX_LANGUAGE_STANDARD = "gnu++17";
				CLANG_ENABLE_MODULES = YES;
				CLANG_ENABLE_OBJC_ARC = YES;
				CLANG_ENABLE_OBJC_WEAK = YES;
				CLANG_WARN_BLOCK_CAPTURE_AUTORELEASING = YES;
				CLANG_WARN_BOOL_CONVERSION = YES;
				CLANG_WARN_COMMA = YES;
				CLANG_WARN_CONSTANT_CONVERSION = YES;
				CLANG_WARN_DEPRECATED_OBJC_IMPLEMENTATIONS = YES;
				CLANG_WARN_DIRECT_OBJC_ISA_USAGE = YES_ERROR;
				CLANG_WARN_DOCUMENTATION_COMMENTS = YES;
				CLANG_WARN_EMPTY_BODY = YES;
				CLANG_WARN_ENUM_CONVERSION = YES;
				CLANG_WARN_INFINITE_RECURSION = YES;
				CLANG_WARN_INT_CONVERSION = YES;
				CLANG_WARN_NON_LITERAL_NULL_CONVERSION = YES;
				CLANG_WARN_OBJC_IMPLICIT_RETAIN_SELF = YES;
				CLANG_WARN_OBJC_LITERAL_CONVERSION = YES;
				CLANG_WARN_OBJC_ROOT_CLASS = YES_ERROR;
				CLANG_WARN_QUOTED_INCLUDE_IN_FRAMEWORK_HEADER = YES;
				CLANG_WARN_RANGE_LOOP_ANALYSIS = YES;
				CLANG_WARN_STRICT_PROTOTYPES = YES;
				CLANG_WARN_SUSPICIOUS_MOVE = YES;
				CLANG_WARN_UNGUARDED_AVAILABILITY = YES_AGGRESSIVE;
				CLANG_WARN_UNREACHABLE_CODE = YES;
				CLANG_WARN__DUPLICATE_METHOD_MATCH = YES;
				COPY_PHASE_STRIP = NO;
				DEBUG_INFORMATION_FORMAT = dwarf;
				ENABLE_STRICT_OBJC_MSGSEND = YES;
				ENABLE_TESTABILITY = YES;
				GCC_C_LANGUAGE_STANDARD = gnu11;
				GCC_DYNAMIC_NO_PIC = NO;
				GCC_NO_COMMON_BLOCKS = YES;
				GCC_OPTIMIZATION_LEVEL = 0;
				GCC_PREPROCESSOR_DEFINITIONS = (
					"DEBUG=1",
					"$(inherited)",
				);
				GCC_WARN_64_TO_32_BIT_CONVERSION = YES;
				GCC_WARN_ABOUT_RETURN_TYPE = YES_ERROR;
				GCC_WARN_UNDECLARED_SELECTOR = YES;
				GCC_WARN_UNINITIALIZED_AUTOS = YES_AGGRESSIVE;
				GCC_WARN_UNUSED_FUNCTION = YES;
				GCC_WARN_UNUSED_VARIABLE = YES;
				MACOSX_DEPLOYMENT_TARGET = 12.3;
				MTL_ENABLE_DEBUG_INFO = INCLUDE_SOURCE;
				MTL_FAST_MATH = YES;
				ONLY_ACTIVE_ARCH = YES;
				SDKROOT = macosx;
				SWIFT_ACTIVE_COMPILATION_CONDITIONS = DEBUG;
				SWIFT_OPTIMIZATION_LEVEL = "-Onone";
			};
			name = Debug;
		};
		6FBAEC452844561A0039EE87 /* Release */ = {
			isa = XCBuildConfiguration;
			buildSettings = {
				ALWAYS_SEARCH_USER_PATHS = NO;
				CLANG_ANALYZER_NONNULL = YES;
				CLANG_ANALYZER_NUMBER_OBJECT_CONVERSION = YES_AGGRESSIVE;
				CLANG_CXX_LANGUAGE_STANDARD = "gnu++17";
				CLANG_ENABLE_MODULES = YES;
				CLANG_ENABLE_OBJC_ARC = YES;
				CLANG_ENABLE_OBJC_WEAK = YES;
				CLANG_WARN_BLOCK_CAPTURE_AUTORELEASING = YES;
				CLANG_WARN_BOOL_CONVERSION = YES;
				CLANG_WARN_COMMA = YES;
				CLANG_WARN_CONSTANT_CONVERSION = YES;
				CLANG_WARN_DEPRECATED_OBJC_IMPLEMENTATIONS = YES;
				CLANG_WARN_DIRECT_OBJC_ISA_USAGE = YES_ERROR;
				CLANG_WARN_DOCUMENTATION_COMMENTS = YES;
				CLANG_WARN_EMPTY_BODY = YES;
				CLANG_WARN_ENUM_CONVERSION = YES;
				CLANG_WARN_INFINITE_RECURSION = YES;
				CLANG_WARN_INT_CONVERSION = YES;
				CLANG_WARN_NON_LITERAL_NULL_CONVERSION = YES;
				CLANG_WARN_OBJC_IMPLICIT_RETAIN_SELF = YES;
				CLANG_WARN_OBJC_LITERAL_CONVERSION = YES;
				CLANG_WARN_OBJC_ROOT_CLASS = YES_ERROR;
				CLANG_WARN_QUOTED_INCLUDE_IN_FRAMEWORK_HEADER = YES;
				CLANG_WARN_RANGE_LOOP_ANALYSIS = YES;
				CLANG_WARN_STRICT_PROTOTYPES = YES;
				CLANG_WARN_SUSPICIOUS_MOVE = YES;
				CLANG_WARN_UNGUARDED_AVAILABILITY = YES_AGGRESSIVE;
				CLANG_WARN_UNREACHABLE_CODE = YES;
				CLANG_WARN__DUPLICATE_METHOD_MATCH = YES;
				COPY_PHASE_STRIP = NO;
				DEBUG_INFORMATION_FORMAT = "dwarf-with-dsym";
				ENABLE_NS_ASSERTIONS = NO;
				ENABLE_STRICT_OBJC_MSGSEND = YES;
				GCC_C_LANGUAGE_STANDARD = gnu11;
				GCC_NO_COMMON_BLOCKS = YES;
				GCC_WARN_64_TO_32_BIT_CONVERSION = YES;
				GCC_WARN_ABOUT_RETURN_TYPE = YES_ERROR;
				GCC_WARN_UNDECLARED_SELECTOR = YES;
				GCC_WARN_UNINITIALIZED_AUTOS = YES_AGGRESSIVE;
				GCC_WARN_UNUSED_FUNCTION = YES;
				GCC_WARN_UNUSED_VARIABLE = YES;
				MACOSX_DEPLOYMENT_TARGET = 12.3;
				MTL_ENABLE_DEBUG_INFO = NO;
				MTL_FAST_MATH = YES;
				SDKROOT = macosx;
				SWIFT_COMPILATION_MODE = wholemodule;
				SWIFT_OPTIMIZATION_LEVEL = "-O";
			};
			name = Release;
		};
		6FBAEC472844561A0039EE87 /* Debug */ = {
			isa = XCBuildConfiguration;
			buildSettings = {
				ASSETCATALOG_COMPILER_APPICON_NAME = AppIcon;
				ASSETCATALOG_COMPILER_GLOBAL_ACCENT_COLOR_NAME = AccentColor;
				CODE_SIGN_ENTITLEMENTS = KeyboardPlay/KeyboardPlay.entitlements;
				CODE_SIGN_STYLE = Automatic;
				COMBINE_HIDPI_IMAGES = YES;
				CURRENT_PROJECT_VERSION = 1;
				DEVELOPMENT_TEAM = V89PMZ37N9;
				ENABLE_HARDENED_RUNTIME = YES;
				GENERATE_INFOPLIST_FILE = YES;
				INFOPLIST_FILE = KeyboardPlay/Info.plist;
				INFOPLIST_KEY_NSHumanReadableCopyright = "";
				INFOPLIST_KEY_NSMainStoryboardFile = Main;
				INFOPLIST_KEY_NSPrincipalClass = NSApplication;
				LD_RUNPATH_SEARCH_PATHS = (
					"$(inherited)",
					"@executable_path/../Frameworks",
				);
				MACOSX_DEPLOYMENT_TARGET = 11.0;
				MARKETING_VERSION = 1.0;
				PRODUCT_BUNDLE_IDENTIFIER = com.haixue.KeyboardPlay;
				PRODUCT_NAME = "$(TARGET_NAME)";
				SWIFT_EMIT_LOC_STRINGS = YES;
				SWIFT_VERSION = 5.0;
			};
			name = Debug;
		};
		6FBAEC482844561A0039EE87 /* Release */ = {
			isa = XCBuildConfiguration;
			buildSettings = {
				ASSETCATALOG_COMPILER_APPICON_NAME = AppIcon;
				ASSETCATALOG_COMPILER_GLOBAL_ACCENT_COLOR_NAME = AccentColor;
				CODE_SIGN_ENTITLEMENTS = KeyboardPlay/KeyboardPlay.entitlements;
				CODE_SIGN_STYLE = Automatic;
				COMBINE_HIDPI_IMAGES = YES;
				CURRENT_PROJECT_VERSION = 1;
				DEVELOPMENT_TEAM = V89PMZ37N9;
				ENABLE_HARDENED_RUNTIME = YES;
				GENERATE_INFOPLIST_FILE = YES;
				INFOPLIST_FILE = KeyboardPlay/Info.plist;
				INFOPLIST_KEY_NSHumanReadableCopyright = "";
				INFOPLIST_KEY_NSMainStoryboardFile = Main;
				INFOPLIST_KEY_NSPrincipalClass = NSApplication;
				LD_RUNPATH_SEARCH_PATHS = (
					"$(inherited)",
					"@executable_path/../Frameworks",
				);
				MACOSX_DEPLOYMENT_TARGET = 11.0;
				MARKETING_VERSION = 1.0;
				PRODUCT_BUNDLE_IDENTIFIER = com.haixue.KeyboardPlay;
				PRODUCT_NAME = "$(TARGET_NAME)";
				SWIFT_EMIT_LOC_STRINGS = YES;
				SWIFT_VERSION = 5.0;
			};
			name = Release;
		};
/* End XCBuildConfiguration section */

/* Begin XCConfigurationList section */
		6FBAEC32284456190039EE87 /* Build configuration list for PBXProject "KeyboardPlay" */ = {
			isa = XCConfigurationList;
			buildConfigurations = (
				6FBAEC442844561A0039EE87 /* Debug */,
				6FBAEC452844561A0039EE87 /* Release */,
			);
			defaultConfigurationIsVisible = 0;
			defaultConfigurationName = Release;
		};
		6FBAEC462844561A0039EE87 /* Build configuration list for PBXNativeTarget "KeyboardPlay" */ = {
			isa = XCConfigurationList;
			buildConfigurations = (
				6FBAEC472844561A0039EE87 /* Debug */,
				6FBAEC482844561A0039EE87 /* Release */,
			);
			defaultConfigurationIsVisible = 0;
			defaultConfigurationName = Release;
		};
/* End XCConfigurationList section */
	};
	rootObject = 6FBAEC2F284456190039EE87 /* Project object */;
}
